
Microsoft Visual Studio Solution File, Format Version 12.00
# Visual Studio Version 16
VisualStudioVersion = 16.0.31129.286
MinimumVisualStudioVersion = 10.0.40219.1
Project("{2150E333-8FDC-42A3-9474-1A3956D46DE8}") = "docs", "docs", "{ECC7DAA6-BB5E-4187-8512-790EA7046387}"
	ProjectSection(SolutionItems) = preProject
		Ef executed commands.txt = Ef executed commands.txt
		Referenced Nuget packages - listed by project.txt = Referenced Nuget packages - listed by project.txt
		Support urls.txt = Support urls.txt
		C:\Users\TheOwner\Downloads\teste.docx = C:\Users\TheOwner\Downloads\teste.docx
		V_Leaderboards.sql = V_Leaderboards.sql
	EndProjectSection
EndProject
Project("{2150E333-8FDC-42A3-9474-1A3956D46DE8}") = "src", "src", "{931B87B9-CF51-41D6-8697-EEC12A33E546}"
EndProject
Project("{2150E333-8FDC-42A3-9474-1A3956D46DE8}") = "application", "application", "{0B570477-1418-4E04-9636-8C16AEAD2A26}"
EndProject
Project("{2150E333-8FDC-42A3-9474-1A3956D46DE8}") = "hosts", "hosts", "{3E85DF54-2E06-4501-8F30-535B72C5C948}"
EndProject
Project("{2150E333-8FDC-42A3-9474-1A3956D46DE8}") = "core", "core", "{280FDC95-1C28-4927-B96C-7CE97E85ECFA}"
EndProject
Project("{2150E333-8FDC-42A3-9474-1A3956D46DE8}") = "infrastructure", "infrastructure", "{1FAE5ADE-461D-48CF-8837-399BDA944EB5}"
EndProject
Project("{9A19103F-16F7-4668-BE54-9A1E7A4F7556}") = "TheGame.Queries", "TheGame.Queries\TheGame.Queries.csproj", "{2C621DA2-0A94-49A4-B7CA-86CF89B750DE}"
EndProject
Project("{9A19103F-16F7-4668-BE54-9A1E7A4F7556}") = "TheGame.Commands", "TheGame.Commands\TheGame.Commands.csproj", "{D1280481-7651-4DF7-AAA0-16894A536856}"
EndProject
Project("{9A19103F-16F7-4668-BE54-9A1E7A4F7556}") = "TheGame.Domain", "TheGame.Domain\TheGame.Domain.csproj", "{536F3AD9-ECBE-4426-8C24-1E60016938D9}"
EndProject
Project("{9A19103F-16F7-4668-BE54-9A1E7A4F7556}") = "TheGame.Infrastructure", "TheGame.Infrastructure\TheGame.Infrastructure.csproj", "{FD5FD24A-FC2B-4BE7-8E8A-0C1BBD2EF885}"
EndProject
Project("{2150E333-8FDC-42A3-9474-1A3956D46DE8}") = "common", "common", "{32D5995F-E96B-4E88-BDB9-62C716CC50A5}"
EndProject
Project("{9A19103F-16F7-4668-BE54-9A1E7A4F7556}") = "TheGame.SharedKernel", "TheGame.SharedKernel\TheGame.SharedKernel.csproj", "{50A4F97B-B588-4D9F-86EE-AEAA16F91F78}"
EndProject
Project("{9A19103F-16F7-4668-BE54-9A1E7A4F7556}") = "TheGame", "TheGame\TheGame.csproj", "{31F14D77-A74E-4A77-A921-3E5EE6878739}"
EndProject
Project("{9A19103F-16F7-4668-BE54-9A1E7A4F7556}") = "TheGame.Common", "TheGame.Common\TheGame.Common.csproj", "{6A53BDFD-AF10-45EA-B9F6-2C85FAF7EA73}"
EndProject
Project("{9A19103F-16F7-4668-BE54-9A1E7A4F7556}") = "TheGame.MatchDataFlushingWorker", "TheGame.MatchDataFlushingWorker\TheGame.MatchDataFlushingWorker.csproj", "{A1F189ED-0B3D-4B78-874A-C49D6E4E573B}"
EndProject
Global
	GlobalSection(SolutionConfigurationPlatforms) = preSolution
		Debug|Any CPU = Debug|Any CPU
		Release|Any CPU = Release|Any CPU
	EndGlobalSection
	GlobalSection(ProjectConfigurationPlatforms) = postSolution
		{2C621DA2-0A94-49A4-B7CA-86CF89B750DE}.Debug|Any CPU.ActiveCfg = Debug|Any CPU
		{2C621DA2-0A94-49A4-B7CA-86CF89B750DE}.Debug|Any CPU.Build.0 = Debug|Any CPU
		{2C621DA2-0A94-49A4-B7CA-86CF89B750DE}.Release|Any CPU.ActiveCfg = Release|Any CPU
		{2C621DA2-0A94-49A4-B7CA-86CF89B750DE}.Release|Any CPU.Build.0 = Release|Any CPU
		{D1280481-7651-4DF7-AAA0-16894A536856}.Debug|Any CPU.ActiveCfg = Debug|Any CPU
		{D1280481-7651-4DF7-AAA0-16894A536856}.Debug|Any CPU.Build.0 = Debug|Any CPU
		{D1280481-7651-4DF7-AAA0-16894A536856}.Release|Any CPU.ActiveCfg = Release|Any CPU
		{D1280481-7651-4DF7-AAA0-16894A536856}.Release|Any CPU.Build.0 = Release|Any CPU
		{536F3AD9-ECBE-4426-8C24-1E60016938D9}.Debug|Any CPU.ActiveCfg = Debug|Any CPU
		{536F3AD9-ECBE-4426-8C24-1E60016938D9}.Debug|Any CPU.Build.0 = Debug|Any CPU
		{536F3AD9-ECBE-4426-8C24-1E60016938D9}.Release|Any CPU.ActiveCfg = Release|Any CPU
		{536F3AD9-ECBE-4426-8C24-1E60016938D9}.Release|Any CPU.Build.0 = Release|Any CPU
		{FD5FD24A-FC2B-4BE7-8E8A-0C1BBD2EF885}.Debug|Any CPU.ActiveCfg = Debug|Any CPU
		{FD5FD24A-FC2B-4BE7-8E8A-0C1BBD2EF885}.Debug|Any CPU.Build.0 = Debug|Any CPU
		{FD5FD24A-FC2B-4BE7-8E8A-0C1BBD2EF885}.Release|Any CPU.ActiveCfg = Release|Any CPU
		{FD5FD24A-FC2B-4BE7-8E8A-0C1BBD2EF885}.Release|Any CPU.Build.0 = Release|Any CPU
		{50A4F97B-B588-4D9F-86EE-AEAA16F91F78}.Debug|Any CPU.ActiveCfg = Debug|Any CPU
		{50A4F97B-B588-4D9F-86EE-AEAA16F91F78}.Debug|Any CPU.Build.0 = Debug|Any CPU
		{50A4F97B-B588-4D9F-86EE-AEAA16F91F78}.Release|Any CPU.ActiveCfg = Release|Any CPU
		{50A4F97B-B588-4D9F-86EE-AEAA16F91F78}.Release|Any CPU.Build.0 = Release|Any CPU
		{31F14D77-A74E-4A77-A921-3E5EE6878739}.Debug|Any CPU.ActiveCfg = Debug|Any CPU
		{31F14D77-A74E-4A77-A921-3E5EE6878739}.Debug|Any CPU.Build.0 = Debug|Any CPU
		{31F14D77-A74E-4A77-A921-3E5EE6878739}.Release|Any CPU.ActiveCfg = Release|Any CPU
		{31F14D77-A74E-4A77-A921-3E5EE6878739}.Release|Any CPU.Build.0 = Release|Any CPU
		{6A53BDFD-AF10-45EA-B9F6-2C85FAF7EA73}.Debug|Any CPU.ActiveCfg = Debug|Any CPU
		{6A53BDFD-AF10-45EA-B9F6-2C85FAF7EA73}.Debug|Any CPU.Build.0 = Debug|Any CPU
		{6A53BDFD-AF10-45EA-B9F6-2C85FAF7EA73}.Release|Any CPU.ActiveCfg = Release|Any CPU
		{6A53BDFD-AF10-45EA-B9F6-2C85FAF7EA73}.Release|Any CPU.Build.0 = Release|Any CPU
		{A1F189ED-0B3D-4B78-874A-C49D6E4E573B}.Debug|Any CPU.ActiveCfg = Debug|Any CPU
		{A1F189ED-0B3D-4B78-874A-C49D6E4E573B}.Debug|Any CPU.Build.0 = Debug|Any CPU
		{A1F189ED-0B3D-4B78-874A-C49D6E4E573B}.Release|Any CPU.ActiveCfg = Release|Any CPU
		{A1F189ED-0B3D-4B78-874A-C49D6E4E573B}.Release|Any CPU.Build.0 = Release|Any CPU
	EndGlobalSection
	GlobalSection(SolutionProperties) = preSolution
		HideSolutionNode = FALSE
	EndGlobalSection
	GlobalSection(NestedProjects) = preSolution
		{0B570477-1418-4E04-9636-8C16AEAD2A26} = {931B87B9-CF51-41D6-8697-EEC12A33E546}
		{3E85DF54-2E06-4501-8F30-535B72C5C948} = {931B87B9-CF51-41D6-8697-EEC12A33E546}
		{280FDC95-1C28-4927-B96C-7CE97E85ECFA} = {931B87B9-CF51-41D6-8697-EEC12A33E546}
		{1FAE5ADE-461D-48CF-8837-399BDA944EB5} = {931B87B9-CF51-41D6-8697-EEC12A33E546}
		{2C621DA2-0A94-49A4-B7CA-86CF89B750DE} = {0B570477-1418-4E04-9636-8C16AEAD2A26}
		{D1280481-7651-4DF7-AAA0-16894A536856} = {0B570477-1418-4E04-9636-8C16AEAD2A26}
		{536F3AD9-ECBE-4426-8C24-1E60016938D9} = {280FDC95-1C28-4927-B96C-7CE97E85ECFA}
		{FD5FD24A-FC2B-4BE7-8E8A-0C1BBD2EF885} = {1FAE5ADE-461D-48CF-8837-399BDA944EB5}
		{32D5995F-E96B-4E88-BDB9-62C716CC50A5} = {931B87B9-CF51-41D6-8697-EEC12A33E546}
		{50A4F97B-B588-4D9F-86EE-AEAA16F91F78} = {32D5995F-E96B-4E88-BDB9-62C716CC50A5}
		{31F14D77-A74E-4A77-A921-3E5EE6878739} = {3E85DF54-2E06-4501-8F30-535B72C5C948}
		{6A53BDFD-AF10-45EA-B9F6-2C85FAF7EA73} = {0B570477-1418-4E04-9636-8C16AEAD2A26}
		{A1F189ED-0B3D-4B78-874A-C49D6E4E573B} = {3E85DF54-2E06-4501-8F30-535B72C5C948}
	EndGlobalSection
	GlobalSection(ExtensibilityGlobals) = postSolution
		SolutionGuid = {2443E320-1A39-4C4D-BDE3-61A10FB3DC89}
	EndGlobalSection
EndGlobal
